
Microsoft Visual Studio Solution File, Format Version 12.00
# Visual Studio Version 16
VisualStudioVersion = 16.0.31424.327
MinimumVisualStudioVersion = 10.0.40219.1
Project("{FAE04EC0-301F-11D3-BF4B-00C04F79EFBC}") = "TextWrapping", "TextWrapping\TextWrapping.csproj", "{5E6305C1-4830-4030-BD67-8398792E77ED}"
EndProject
Global
	GlobalSection(SolutionConfigurationPlatforms) = preSolution
		Debug|Any CPU = Debug|Any CPU
		Release|Any CPU = Release|Any CPU
	EndGlobalSection
	GlobalSection(ProjectConfigurationPlatforms) = postSolution
		{5E6305C1-4830-4030-BD67-8398792E77ED}.Debug|Any CPU.ActiveCfg = Debug|Any CPU
		{5E6305C1-4830-4030-BD67-8398792E77ED}.Debug|Any CPU.Build.0 = Debug|Any CPU
		{5E6305C1-4830-4030-BD67-8398792E77ED}.Release|Any CPU.ActiveCfg = Release|Any CPU
		{5E6305C1-4830-4030-BD67-8398792E77ED}.Release|Any CPU.Build.0 = Release|Any CPU
	EndGlobalSection
	GlobalSection(SolutionProperties) = preSolution
		HideSolutionNode = FALSE
	EndGlobalSection
	GlobalSection(ExtensibilityGlobals) = postSolution
		SolutionGuid = {87D4FE0F-744A-49AF-8777-17BCE7093FD7}
	EndGlobalSection
EndGlobal
